id: modulo1_sumavector
label: sumavector
category: '[modulo1]'

templates:
  imports: import modulo1
  make: modulo1.sumavector(${PARAM1})

#  Make one 'parameters' list entry for every parameter you want settable from the GUI.
#     Keys include:
#     * id (makes the value accessible as keyname, e.g. in the make entry)
#     * label (label shown in the GUI)
#     * dtype (e.g. int, float, complex, byte, short, xxx_vector, ...)
#     * default
parameters:
- id: PARAM1
  label: l_vect
  dtype: int
  
  
inputs:
- label: entrada
#  domain: ...
  dtype: float
  vlen: ${PARAM1}
#  optional: ...

outputs:
- label: Salida
#  domain: ...
  dtype: float
#  vlen: ...
#  optional: ...

#  'file_format' specifies the version of the GRC yml format used in the file
#  and should usually not be changed.
file_format: 1
